
Microsoft Visual Studio Solution File, Format Version 12.00
# Visual Studio Version 17
VisualStudioVersion = 17.2.32616.157
MinimumVisualStudioVersion = 10.0.40219.1
Project("{FAE04EC0-301F-11D3-BF4B-00C04F79EFBC}") = "Lesson3", "Lesson3\Lesson3.csproj", "{42AE0C26-9139-421B-8B7E-A39153B4DDBF}"
EndProject
Global
	GlobalSection(SolutionConfigurationPlatforms) = preSolution
		Debug|Any CPU = Debug|Any CPU
		Release|Any CPU = Release|Any CPU
	EndGlobalSection
	GlobalSection(ProjectConfigurationPlatforms) = postSolution
		{42AE0C26-9139-421B-8B7E-A39153B4DDBF}.Debug|Any CPU.ActiveCfg = Debug|Any CPU
		{42AE0C26-9139-421B-8B7E-A39153B4DDBF}.Debug|Any CPU.Build.0 = Debug|Any CPU
		{42AE0C26-9139-421B-8B7E-A39153B4DDBF}.Release|Any CPU.ActiveCfg = Release|Any CPU
		{42AE0C26-9139-421B-8B7E-A39153B4DDBF}.Release|Any CPU.Build.0 = Release|Any CPU
	EndGlobalSection
	GlobalSection(SolutionProperties) = preSolution
		HideSolutionNode = FALSE
	EndGlobalSection
	GlobalSection(ExtensibilityGlobals) = postSolution
		SolutionGuid = {4037085C-3D8A-40BE-B10A-EBA5938402DC}
	EndGlobalSection
EndGlobal
